github.com/mirkobrombin/go-cli-builder/v2 v2.0.5 h1:ASWEhdH5sPUVVQ9OC/1uuDLPvglBqy8JMcw0YojvSIo=
github.com/mirkobrombin/go-cli-builder/v2 v2.0.5/go.mod h1:jqg09VyejIcNMrGSz4zflb1VO1dOZ6h4hKfmGkXv110=
github.com/mirkobrombin/go-foundation v0.2.0 h1:Omfr/ejTus5PCAeiq4tTc3LKzAytnTvuMBeIDfcofTU=
github.com/mirkobrombin/go-foundation v0.2.0/go.mod h1:ScQBotKzuC5Lxi61Wyw0h8NaeGKsuwp4xHwPj5Mj9DY=
